
Microsoft Visual Studio Solution File, Format Version 12.00
# Visual Studio Version 17
VisualStudioVersion = 17.11.35312.102
MinimumVisualStudioVersion = 10.0.40219.1
Project("{9A19103F-16F7-4668-BE54-9A1E7A4F7556}") = "VisualArtGallery", "VisualArtGallery\VisualArtGallery.csproj", "{656C10BA-6F4A-4D61-A2C2-C7EEA19E37C8}"
EndProject
Project("{FAE04EC0-301F-11D3-BF4B-00C04F79EFBC}") = "VirtualArtGallery.Tests", "VirtualArtGallery.Tests\VirtualArtGallery.Tests.csproj", "{AA97B494-CBA7-45BB-94C8-28C18CC37EAF}"
EndProject
Global
	GlobalSection(SolutionConfigurationPlatforms) = preSolution
		Debug|Any CPU = Debug|Any CPU
		Release|Any CPU = Release|Any CPU
	EndGlobalSection
	GlobalSection(ProjectConfigurationPlatforms) = postSolution
		{656C10BA-6F4A-4D61-A2C2-C7EEA19E37C8}.Debug|Any CPU.ActiveCfg = Debug|Any CPU
		{656C10BA-6F4A-4D61-A2C2-C7EEA19E37C8}.Debug|Any CPU.Build.0 = Debug|Any CPU
		{656C10BA-6F4A-4D61-A2C2-C7EEA19E37C8}.Release|Any CPU.ActiveCfg = Release|Any CPU
		{656C10BA-6F4A-4D61-A2C2-C7EEA19E37C8}.Release|Any CPU.Build.0 = Release|Any CPU
		{AA97B494-CBA7-45BB-94C8-28C18CC37EAF}.Debug|Any CPU.ActiveCfg = Debug|Any CPU
		{AA97B494-CBA7-45BB-94C8-28C18CC37EAF}.Debug|Any CPU.Build.0 = Debug|Any CPU
		{AA97B494-CBA7-45BB-94C8-28C18CC37EAF}.Release|Any CPU.ActiveCfg = Release|Any CPU
		{AA97B494-CBA7-45BB-94C8-28C18CC37EAF}.Release|Any CPU.Build.0 = Release|Any CPU
	EndGlobalSection
	GlobalSection(SolutionProperties) = preSolution
		HideSolutionNode = FALSE
	EndGlobalSection
	GlobalSection(ExtensibilityGlobals) = postSolution
		SolutionGuid = {A8E9DC71-20FC-4025-A657-836DE0FD4286}
	EndGlobalSection
EndGlobal
